
Microsoft Visual Studio Solution File, Format Version 12.00
# Visual Studio Version 17
VisualStudioVersion = 17.0.31903.59
MinimumVisualStudioVersion = 10.0.40219.1
Project("{9A19103F-16F7-4668-BE54-9A1E7A4F7556}") = "Pool.Data.Abstract", "Pool.Data.Abstract\Pool.Data.Abstract.csproj", "{8E6AB65C-DC35-4D78-BAA2-F34FACACB363}"
EndProject
Project("{9A19103F-16F7-4668-BE54-9A1E7A4F7556}") = "Pool.Data.Implementation", "Pool.Data.Implementation\Pool.Data.Implementation.csproj", "{92163B47-0320-465F-A921-ADC59C7723E6}"
EndProject
Project("{9A19103F-16F7-4668-BE54-9A1E7A4F7556}") = "Pool.Logic.Abstract", "Pool.Logic.Abstract\Pool.Logic.Abstract.csproj", "{D3EDD2CA-1027-473E-AEF6-8B8281F652DF}"
EndProject
Project("{9A19103F-16F7-4668-BE54-9A1E7A4F7556}") = "Pool.Logic.Implementation", "Pool.Logic.Implementation\Pool.Logic.Implementation.csproj", "{EA3C41C8-8744-4F36-87EF-F3737130E676}"
EndProject
Project("{9A19103F-16F7-4668-BE54-9A1E7A4F7556}") = "Pool.Presentation.Model", "Pool.Presentation.Model\Pool.Presentation.Model.csproj", "{E767945A-1FFC-4C5D-8689-DC8412EA62AA}"
EndProject
Project("{9A19103F-16F7-4668-BE54-9A1E7A4F7556}") = "Pool.Presentation.ViewModel", "Pool.Presentation.ViewModel\Pool.Presentation.ViewModel.csproj", "{AF5C39F3-8087-4059-82FF-4D6F6CE5C374}"
EndProject
Project("{2150E333-8FDC-42A3-9474-1A3956D46DE8}") = "Presentation", "Presentation", "{FE7B2D70-C6D2-4AC5-BACD-73B688247B14}"
EndProject
Project("{2150E333-8FDC-42A3-9474-1A3956D46DE8}") = "Data", "Data", "{993FC3FB-B472-4F09-B304-DF8C6409C46A}"
EndProject
Project("{2150E333-8FDC-42A3-9474-1A3956D46DE8}") = "Logic", "Logic", "{ED097761-6BD4-4E75-8753-DFC8EB8F04EC}"
EndProject
Project("{9A19103F-16F7-4668-BE54-9A1E7A4F7556}") = "Pool.Presentation.View", "Pool.Presentation.View\Pool.Presentation.View.csproj", "{09C84822-E10C-4AA0-9BCD-8F0E018D479D}"
EndProject
Project("{FAE04EC0-301F-11D3-BF4B-00C04F79EFBC}") = "Pool.Common.Model", "Pool.Common.Model\Pool.Common.Model.csproj", "{9D5D2974-1A67-46C3-9BBC-645DB4903DE3}"
EndProject
Project("{2150E333-8FDC-42A3-9474-1A3956D46DE8}") = "Tests", "Tests", "{73C9DD91-E4B0-4500-9D87-BC0876D8A254}"
EndProject
Project("{FAE04EC0-301F-11D3-BF4B-00C04F79EFBC}") = "Pool.Tests.Data", "Pool.Tests.Data\Pool.Tests.Data.csproj", "{EEFA8A8E-8214-4CFA-BBE1-EF4C943F15E7}"
EndProject
Project("{FAE04EC0-301F-11D3-BF4B-00C04F79EFBC}") = "Pool.Tests.Logic", "Pool.Tests.Logic\Pool.Tests.Logic.csproj", "{C654A15E-E830-4C66-99C8-15056A0AF0AD}"
EndProject
Global
	GlobalSection(SolutionConfigurationPlatforms) = preSolution
		Debug|Any CPU = Debug|Any CPU
		Release|Any CPU = Release|Any CPU
	EndGlobalSection
	GlobalSection(ProjectConfigurationPlatforms) = postSolution
		{8E6AB65C-DC35-4D78-BAA2-F34FACACB363}.Debug|Any CPU.ActiveCfg = Debug|Any CPU
		{8E6AB65C-DC35-4D78-BAA2-F34FACACB363}.Debug|Any CPU.Build.0 = Debug|Any CPU
		{8E6AB65C-DC35-4D78-BAA2-F34FACACB363}.Release|Any CPU.ActiveCfg = Release|Any CPU
		{8E6AB65C-DC35-4D78-BAA2-F34FACACB363}.Release|Any CPU.Build.0 = Release|Any CPU
		{92163B47-0320-465F-A921-ADC59C7723E6}.Debug|Any CPU.ActiveCfg = Debug|Any CPU
		{92163B47-0320-465F-A921-ADC59C7723E6}.Debug|Any CPU.Build.0 = Debug|Any CPU
		{92163B47-0320-465F-A921-ADC59C7723E6}.Release|Any CPU.ActiveCfg = Release|Any CPU
		{92163B47-0320-465F-A921-ADC59C7723E6}.Release|Any CPU.Build.0 = Release|Any CPU
		{D3EDD2CA-1027-473E-AEF6-8B8281F652DF}.Debug|Any CPU.ActiveCfg = Debug|Any CPU
		{D3EDD2CA-1027-473E-AEF6-8B8281F652DF}.Debug|Any CPU.Build.0 = Debug|Any CPU
		{D3EDD2CA-1027-473E-AEF6-8B8281F652DF}.Release|Any CPU.ActiveCfg = Release|Any CPU
		{D3EDD2CA-1027-473E-AEF6-8B8281F652DF}.Release|Any CPU.Build.0 = Release|Any CPU
		{EA3C41C8-8744-4F36-87EF-F3737130E676}.Debug|Any CPU.ActiveCfg = Debug|Any CPU
		{EA3C41C8-8744-4F36-87EF-F3737130E676}.Debug|Any CPU.Build.0 = Debug|Any CPU
		{EA3C41C8-8744-4F36-87EF-F3737130E676}.Release|Any CPU.ActiveCfg = Release|Any CPU
		{EA3C41C8-8744-4F36-87EF-F3737130E676}.Release|Any CPU.Build.0 = Release|Any CPU
		{E767945A-1FFC-4C5D-8689-DC8412EA62AA}.Debug|Any CPU.ActiveCfg = Debug|Any CPU
		{E767945A-1FFC-4C5D-8689-DC8412EA62AA}.Debug|Any CPU.Build.0 = Debug|Any CPU
		{E767945A-1FFC-4C5D-8689-DC8412EA62AA}.Release|Any CPU.ActiveCfg = Release|Any CPU
		{E767945A-1FFC-4C5D-8689-DC8412EA62AA}.Release|Any CPU.Build.0 = Release|Any CPU
		{AF5C39F3-8087-4059-82FF-4D6F6CE5C374}.Debug|Any CPU.ActiveCfg = Debug|Any CPU
		{AF5C39F3-8087-4059-82FF-4D6F6CE5C374}.Debug|Any CPU.Build.0 = Debug|Any CPU
		{AF5C39F3-8087-4059-82FF-4D6F6CE5C374}.Release|Any CPU.ActiveCfg = Release|Any CPU
		{AF5C39F3-8087-4059-82FF-4D6F6CE5C374}.Release|Any CPU.Build.0 = Release|Any CPU
		{09C84822-E10C-4AA0-9BCD-8F0E018D479D}.Debug|Any CPU.ActiveCfg = Debug|Any CPU
		{09C84822-E10C-4AA0-9BCD-8F0E018D479D}.Debug|Any CPU.Build.0 = Debug|Any CPU
		{09C84822-E10C-4AA0-9BCD-8F0E018D479D}.Release|Any CPU.ActiveCfg = Release|Any CPU
		{09C84822-E10C-4AA0-9BCD-8F0E018D479D}.Release|Any CPU.Build.0 = Release|Any CPU
		{9D5D2974-1A67-46C3-9BBC-645DB4903DE3}.Debug|Any CPU.ActiveCfg = Debug|Any CPU
		{9D5D2974-1A67-46C3-9BBC-645DB4903DE3}.Debug|Any CPU.Build.0 = Debug|Any CPU
		{9D5D2974-1A67-46C3-9BBC-645DB4903DE3}.Release|Any CPU.ActiveCfg = Release|Any CPU
		{9D5D2974-1A67-46C3-9BBC-645DB4903DE3}.Release|Any CPU.Build.0 = Release|Any CPU
		{EEFA8A8E-8214-4CFA-BBE1-EF4C943F15E7}.Debug|Any CPU.ActiveCfg = Debug|Any CPU
		{EEFA8A8E-8214-4CFA-BBE1-EF4C943F15E7}.Debug|Any CPU.Build.0 = Debug|Any CPU
		{EEFA8A8E-8214-4CFA-BBE1-EF4C943F15E7}.Release|Any CPU.ActiveCfg = Release|Any CPU
		{EEFA8A8E-8214-4CFA-BBE1-EF4C943F15E7}.Release|Any CPU.Build.0 = Release|Any CPU
		{C654A15E-E830-4C66-99C8-15056A0AF0AD}.Debug|Any CPU.ActiveCfg = Debug|Any CPU
		{C654A15E-E830-4C66-99C8-15056A0AF0AD}.Debug|Any CPU.Build.0 = Debug|Any CPU
		{C654A15E-E830-4C66-99C8-15056A0AF0AD}.Release|Any CPU.ActiveCfg = Release|Any CPU
		{C654A15E-E830-4C66-99C8-15056A0AF0AD}.Release|Any CPU.Build.0 = Release|Any CPU
	EndGlobalSection
	GlobalSection(SolutionProperties) = preSolution
		HideSolutionNode = FALSE
	EndGlobalSection
	GlobalSection(NestedProjects) = preSolution
		{8E6AB65C-DC35-4D78-BAA2-F34FACACB363} = {993FC3FB-B472-4F09-B304-DF8C6409C46A}
		{92163B47-0320-465F-A921-ADC59C7723E6} = {993FC3FB-B472-4F09-B304-DF8C6409C46A}
		{D3EDD2CA-1027-473E-AEF6-8B8281F652DF} = {ED097761-6BD4-4E75-8753-DFC8EB8F04EC}
		{EA3C41C8-8744-4F36-87EF-F3737130E676} = {ED097761-6BD4-4E75-8753-DFC8EB8F04EC}
		{E767945A-1FFC-4C5D-8689-DC8412EA62AA} = {FE7B2D70-C6D2-4AC5-BACD-73B688247B14}
		{AF5C39F3-8087-4059-82FF-4D6F6CE5C374} = {FE7B2D70-C6D2-4AC5-BACD-73B688247B14}
		{09C84822-E10C-4AA0-9BCD-8F0E018D479D} = {FE7B2D70-C6D2-4AC5-BACD-73B688247B14}
		{EEFA8A8E-8214-4CFA-BBE1-EF4C943F15E7} = {73C9DD91-E4B0-4500-9D87-BC0876D8A254}
		{C654A15E-E830-4C66-99C8-15056A0AF0AD} = {73C9DD91-E4B0-4500-9D87-BC0876D8A254}
	EndGlobalSection
	GlobalSection(ExtensibilityGlobals) = postSolution
		SolutionGuid = {031F60A4-1329-4D4F-99D7-417839058A86}
	EndGlobalSection
EndGlobal
