
Microsoft Visual Studio Solution File, Format Version 12.00
# Visual Studio Version 17
VisualStudioVersion = 17.9.34701.34
MinimumVisualStudioVersion = 10.0.40219.1
Project("{9A19103F-16F7-4668-BE54-9A1E7A4F7556}") = "Data", "Data\Data.csproj", "{558C364D-41C3-4C38-A2A1-68690C78D5D0}"
EndProject
Project("{9A19103F-16F7-4668-BE54-9A1E7A4F7556}") = "View", "View\View.csproj", "{4F1671C4-EC0F-401E-914F-B12AD6F0C2C2}"
EndProject
Project("{9A19103F-16F7-4668-BE54-9A1E7A4F7556}") = "ViewModel", "ViewModel\ViewModel.csproj", "{7A0103EA-571C-41FF-A66B-28680ECEDF57}"
EndProject
Project("{9A19103F-16F7-4668-BE54-9A1E7A4F7556}") = "Model", "Model\Model.csproj", "{6A055A1F-AB0F-4BD5-A564-98915A746330}"
EndProject
Project("{FAE04EC0-301F-11D3-BF4B-00C04F79EFBC}") = "Data.Test", "Data.Test\Data.Test.csproj", "{D11DA13F-7E73-490F-94F9-EABE662E8E7C}"
EndProject
Project("{FAE04EC0-301F-11D3-BF4B-00C04F79EFBC}") = "Logic.Test", "Logic.Test\Logic.Test.csproj", "{FFA11060-953E-494D-9DD5-8E62834BC04C}"
EndProject
Project("{FAE04EC0-301F-11D3-BF4B-00C04F79EFBC}") = "Logic", "Logic\Logic.csproj", "{EC7EA114-C22A-4436-8E35-B6BC9D8683F8}"
EndProject
Global
	GlobalSection(SolutionConfigurationPlatforms) = preSolution
		Debug|Any CPU = Debug|Any CPU
		Release|Any CPU = Release|Any CPU
	EndGlobalSection
	GlobalSection(ProjectConfigurationPlatforms) = postSolution
		{558C364D-41C3-4C38-A2A1-68690C78D5D0}.Debug|Any CPU.ActiveCfg = Debug|Any CPU
		{558C364D-41C3-4C38-A2A1-68690C78D5D0}.Debug|Any CPU.Build.0 = Debug|Any CPU
		{558C364D-41C3-4C38-A2A1-68690C78D5D0}.Release|Any CPU.ActiveCfg = Release|Any CPU
		{558C364D-41C3-4C38-A2A1-68690C78D5D0}.Release|Any CPU.Build.0 = Release|Any CPU
		{4F1671C4-EC0F-401E-914F-B12AD6F0C2C2}.Debug|Any CPU.ActiveCfg = Debug|Any CPU
		{4F1671C4-EC0F-401E-914F-B12AD6F0C2C2}.Debug|Any CPU.Build.0 = Debug|Any CPU
		{4F1671C4-EC0F-401E-914F-B12AD6F0C2C2}.Release|Any CPU.ActiveCfg = Release|Any CPU
		{4F1671C4-EC0F-401E-914F-B12AD6F0C2C2}.Release|Any CPU.Build.0 = Release|Any CPU
		{7A0103EA-571C-41FF-A66B-28680ECEDF57}.Debug|Any CPU.ActiveCfg = Debug|Any CPU
		{7A0103EA-571C-41FF-A66B-28680ECEDF57}.Debug|Any CPU.Build.0 = Debug|Any CPU
		{7A0103EA-571C-41FF-A66B-28680ECEDF57}.Release|Any CPU.ActiveCfg = Release|Any CPU
		{7A0103EA-571C-41FF-A66B-28680ECEDF57}.Release|Any CPU.Build.0 = Release|Any CPU
		{6A055A1F-AB0F-4BD5-A564-98915A746330}.Debug|Any CPU.ActiveCfg = Debug|Any CPU
		{6A055A1F-AB0F-4BD5-A564-98915A746330}.Debug|Any CPU.Build.0 = Debug|Any CPU
		{6A055A1F-AB0F-4BD5-A564-98915A746330}.Release|Any CPU.ActiveCfg = Release|Any CPU
		{6A055A1F-AB0F-4BD5-A564-98915A746330}.Release|Any CPU.Build.0 = Release|Any CPU
		{D11DA13F-7E73-490F-94F9-EABE662E8E7C}.Debug|Any CPU.ActiveCfg = Debug|Any CPU
		{D11DA13F-7E73-490F-94F9-EABE662E8E7C}.Debug|Any CPU.Build.0 = Debug|Any CPU
		{D11DA13F-7E73-490F-94F9-EABE662E8E7C}.Release|Any CPU.ActiveCfg = Release|Any CPU
		{D11DA13F-7E73-490F-94F9-EABE662E8E7C}.Release|Any CPU.Build.0 = Release|Any CPU
		{FFA11060-953E-494D-9DD5-8E62834BC04C}.Debug|Any CPU.ActiveCfg = Debug|Any CPU
		{FFA11060-953E-494D-9DD5-8E62834BC04C}.Debug|Any CPU.Build.0 = Debug|Any CPU
		{FFA11060-953E-494D-9DD5-8E62834BC04C}.Release|Any CPU.ActiveCfg = Release|Any CPU
		{FFA11060-953E-494D-9DD5-8E62834BC04C}.Release|Any CPU.Build.0 = Release|Any CPU
		{EC7EA114-C22A-4436-8E35-B6BC9D8683F8}.Debug|Any CPU.ActiveCfg = Debug|Any CPU
		{EC7EA114-C22A-4436-8E35-B6BC9D8683F8}.Debug|Any CPU.Build.0 = Debug|Any CPU
		{EC7EA114-C22A-4436-8E35-B6BC9D8683F8}.Release|Any CPU.ActiveCfg = Release|Any CPU
		{EC7EA114-C22A-4436-8E35-B6BC9D8683F8}.Release|Any CPU.Build.0 = Release|Any CPU
	EndGlobalSection
	GlobalSection(SolutionProperties) = preSolution
		HideSolutionNode = FALSE
	EndGlobalSection
	GlobalSection(ExtensibilityGlobals) = postSolution
		SolutionGuid = {BF7D2836-1BB1-41B6-8CCE-9FFB2C205021}
	EndGlobalSection
EndGlobal
